
Microsoft Visual Studio Solution File, Format Version 12.00
# Visual Studio Version 17
VisualStudioVersion = 17.4.33103.184
MinimumVisualStudioVersion = 10.0.40219.1
Project("{FAE04EC0-301F-11D3-BF4B-00C04F79EFBC}") = "renasql", "renasql\renasql.csproj", "{76E925A8-88F8-4A99-83D2-E0A458FE7F60}"
EndProject
Global
	GlobalSection(SolutionConfigurationPlatforms) = preSolution
		Debug|Any CPU = Debug|Any CPU
		Release|Any CPU = Release|Any CPU
	EndGlobalSection
	GlobalSection(ProjectConfigurationPlatforms) = postSolution
		{76E925A8-88F8-4A99-83D2-E0A458FE7F60}.Debug|Any CPU.ActiveCfg = Debug|Any CPU
		{76E925A8-88F8-4A99-83D2-E0A458FE7F60}.Debug|Any CPU.Build.0 = Debug|Any CPU
		{76E925A8-88F8-4A99-83D2-E0A458FE7F60}.Release|Any CPU.ActiveCfg = Release|Any CPU
		{76E925A8-88F8-4A99-83D2-E0A458FE7F60}.Release|Any CPU.Build.0 = Release|Any CPU
	EndGlobalSection
	GlobalSection(SolutionProperties) = preSolution
		HideSolutionNode = FALSE
	EndGlobalSection
	GlobalSection(ExtensibilityGlobals) = postSolution
		SolutionGuid = {A66D9CB5-23D2-4876-9D75-96BE0EA671B2}
	EndGlobalSection
EndGlobal
